
Microsoft Visual Studio Solution File, Format Version 12.00
# Visual Studio Version 17
VisualStudioVersion = 17.2.32616.157
MinimumVisualStudioVersion = 10.0.40219.1
Project("{9A19103F-16F7-4668-BE54-9A1E7A4F7556}") = "MyTeamsApp2", "MyTeamsApp2\MyTeamsApp2.csproj", "{B9554FBC-C320-4F59-BF8F-3E4312D32BF4}"
EndProject
Global
	GlobalSection(SolutionConfigurationPlatforms) = preSolution
		Debug|Any CPU = Debug|Any CPU
		Release|Any CPU = Release|Any CPU
	EndGlobalSection
	GlobalSection(ProjectConfigurationPlatforms) = postSolution
		{B9554FBC-C320-4F59-BF8F-3E4312D32BF4}.Debug|Any CPU.ActiveCfg = Debug|Any CPU
		{B9554FBC-C320-4F59-BF8F-3E4312D32BF4}.Debug|Any CPU.Build.0 = Debug|Any CPU
		{B9554FBC-C320-4F59-BF8F-3E4312D32BF4}.Release|Any CPU.ActiveCfg = Release|Any CPU
		{B9554FBC-C320-4F59-BF8F-3E4312D32BF4}.Release|Any CPU.Build.0 = Release|Any CPU
	EndGlobalSection
	GlobalSection(SolutionProperties) = preSolution
		HideSolutionNode = FALSE
	EndGlobalSection
	GlobalSection(ExtensibilityGlobals) = postSolution
		SolutionGuid = {828B25ED-D56D-41FC-B255-FA5C9CFADA42}
	EndGlobalSection
EndGlobal
